
Microsoft Visual Studio Solution File, Format Version 12.00
# Visual Studio Version 17
VisualStudioVersion = 17.1.32421.90
MinimumVisualStudioVersion = 10.0.40219.1
Project("{FAE04EC0-301F-11D3-BF4B-00C04F79EFBC}") = "LD5", "LD5\LD5.csproj", "{DD07B92D-57A7-4DB8-B738-40E72A16D101}"
EndProject
Global
	GlobalSection(SolutionConfigurationPlatforms) = preSolution
		Debug|Any CPU = Debug|Any CPU
		Release|Any CPU = Release|Any CPU
	EndGlobalSection
	GlobalSection(ProjectConfigurationPlatforms) = postSolution
		{DD07B92D-57A7-4DB8-B738-40E72A16D101}.Debug|Any CPU.ActiveCfg = Debug|Any CPU
		{DD07B92D-57A7-4DB8-B738-40E72A16D101}.Debug|Any CPU.Build.0 = Debug|Any CPU
		{DD07B92D-57A7-4DB8-B738-40E72A16D101}.Release|Any CPU.ActiveCfg = Release|Any CPU
		{DD07B92D-57A7-4DB8-B738-40E72A16D101}.Release|Any CPU.Build.0 = Release|Any CPU
	EndGlobalSection
	GlobalSection(SolutionProperties) = preSolution
		HideSolutionNode = FALSE
	EndGlobalSection
	GlobalSection(ExtensibilityGlobals) = postSolution
		SolutionGuid = {EBA70E4C-9381-4382-929C-FFC28C27304A}
	EndGlobalSection
EndGlobal
